
Microsoft Visual Studio Solution File, Format Version 12.00
# Visual Studio Version 16
VisualStudioVersion = 16.0.29306.81
MinimumVisualStudioVersion = 10.0.40219.1
Project("{FAE04EC0-301F-11D3-BF4B-00C04F79EFBC}") = "dosyavedizinkontrol", "dosyavedizinkontrol\dosyavedizinkontrol.csproj", "{542545C7-3D7E-4FDE-9948-F528B2E68CC4}"
EndProject
Global
	GlobalSection(SolutionConfigurationPlatforms) = preSolution
		Debug|Any CPU = Debug|Any CPU
		Release|Any CPU = Release|Any CPU
	EndGlobalSection
	GlobalSection(ProjectConfigurationPlatforms) = postSolution
		{542545C7-3D7E-4FDE-9948-F528B2E68CC4}.Debug|Any CPU.ActiveCfg = Debug|Any CPU
		{542545C7-3D7E-4FDE-9948-F528B2E68CC4}.Debug|Any CPU.Build.0 = Debug|Any CPU
		{542545C7-3D7E-4FDE-9948-F528B2E68CC4}.Release|Any CPU.ActiveCfg = Release|Any CPU
		{542545C7-3D7E-4FDE-9948-F528B2E68CC4}.Release|Any CPU.Build.0 = Release|Any CPU
	EndGlobalSection
	GlobalSection(SolutionProperties) = preSolution
		HideSolutionNode = FALSE
	EndGlobalSection
	GlobalSection(ExtensibilityGlobals) = postSolution
		SolutionGuid = {1B9815B5-6B61-4BFC-A06F-85415F74406B}
	EndGlobalSection
EndGlobal
